
Microsoft Visual Studio Solution File, Format Version 12.00
# Visual Studio 15
VisualStudioVersion = 15.0.28307.102
MinimumVisualStudioVersion = 10.0.40219.1
Project("{FAE04EC0-301F-11D3-BF4B-00C04F79EFBC}") = "BocceEngine.Core", "BocceEngine.Core\BocceEngine.Core.csproj", "{0C639348-45A2-4129-8D06-1F9B1E14D882}"
EndProject
Project("{FAE04EC0-301F-11D3-BF4B-00C04F79EFBC}") = "BocceEngine.Demo", "BocceEngine.Demo\BocceEngine.Demo.csproj", "{7D49F10B-0AC6-4D7E-9932-5186EA5E3AEB}"
EndProject
Global
	GlobalSection(SolutionConfigurationPlatforms) = preSolution
		Debug|Any CPU = Debug|Any CPU
		Debug|Mixed Platforms = Debug|Mixed Platforms
		Debug|x86 = Debug|x86
		Release|Any CPU = Release|Any CPU
		Release|Mixed Platforms = Release|Mixed Platforms
		Release|x86 = Release|x86
	EndGlobalSection
	GlobalSection(ProjectConfigurationPlatforms) = postSolution
		{0C639348-45A2-4129-8D06-1F9B1E14D882}.Debug|Any CPU.ActiveCfg = Debug|Any CPU
		{0C639348-45A2-4129-8D06-1F9B1E14D882}.Debug|Any CPU.Build.0 = Debug|Any CPU
		{0C639348-45A2-4129-8D06-1F9B1E14D882}.Debug|Mixed Platforms.ActiveCfg = Debug|Any CPU
		{0C639348-45A2-4129-8D06-1F9B1E14D882}.Debug|Mixed Platforms.Build.0 = Debug|Any CPU
		{0C639348-45A2-4129-8D06-1F9B1E14D882}.Debug|x86.ActiveCfg = Debug|Any CPU
		{0C639348-45A2-4129-8D06-1F9B1E14D882}.Release|Any CPU.ActiveCfg = Release|Any CPU
		{0C639348-45A2-4129-8D06-1F9B1E14D882}.Release|Any CPU.Build.0 = Release|Any CPU
		{0C639348-45A2-4129-8D06-1F9B1E14D882}.Release|Mixed Platforms.ActiveCfg = Release|Any CPU
		{0C639348-45A2-4129-8D06-1F9B1E14D882}.Release|Mixed Platforms.Build.0 = Release|Any CPU
		{0C639348-45A2-4129-8D06-1F9B1E14D882}.Release|x86.ActiveCfg = Release|Any CPU
		{7D49F10B-0AC6-4D7E-9932-5186EA5E3AEB}.Debug|Any CPU.ActiveCfg = Debug|Any CPU
		{7D49F10B-0AC6-4D7E-9932-5186EA5E3AEB}.Debug|Any CPU.Build.0 = Debug|Any CPU
		{7D49F10B-0AC6-4D7E-9932-5186EA5E3AEB}.Debug|Mixed Platforms.ActiveCfg = Debug|Any CPU
		{7D49F10B-0AC6-4D7E-9932-5186EA5E3AEB}.Debug|Mixed Platforms.Build.0 = Debug|Any CPU
		{7D49F10B-0AC6-4D7E-9932-5186EA5E3AEB}.Debug|x86.ActiveCfg = Debug|Any CPU
		{7D49F10B-0AC6-4D7E-9932-5186EA5E3AEB}.Debug|x86.Build.0 = Debug|Any CPU
		{7D49F10B-0AC6-4D7E-9932-5186EA5E3AEB}.Release|Any CPU.ActiveCfg = Release|Any CPU
		{7D49F10B-0AC6-4D7E-9932-5186EA5E3AEB}.Release|Any CPU.Build.0 = Release|Any CPU
		{7D49F10B-0AC6-4D7E-9932-5186EA5E3AEB}.Release|Mixed Platforms.ActiveCfg = Release|Any CPU
		{7D49F10B-0AC6-4D7E-9932-5186EA5E3AEB}.Release|Mixed Platforms.Build.0 = Release|Any CPU
		{7D49F10B-0AC6-4D7E-9932-5186EA5E3AEB}.Release|x86.ActiveCfg = Release|Any CPU
		{7D49F10B-0AC6-4D7E-9932-5186EA5E3AEB}.Release|x86.Build.0 = Release|Any CPU
	EndGlobalSection
	GlobalSection(SolutionProperties) = preSolution
		HideSolutionNode = FALSE
	EndGlobalSection
	GlobalSection(ExtensibilityGlobals) = postSolution
		SolutionGuid = {910022E3-6858-44CC-9C7D-EA7446FF4E61}
	EndGlobalSection
EndGlobal
